
Microsoft Visual Studio Solution File, Format Version 12.00
# Visual Studio Version 17
VisualStudioVersion = 17.5.33502.453
MinimumVisualStudioVersion = 10.0.40219.1
Project("{FAE04EC0-301F-11D3-BF4B-00C04F79EFBC}") = "Autocad_WFP_ADD_Cirsle_21-03-2023", "Autocad_WFP_ADD_Cirsle_21-03-2023.csproj", "{B90C8013-AA53-4A60-BFCF-8B3327B1BB1E}"
EndProject
Global
	GlobalSection(SolutionConfigurationPlatforms) = preSolution
		Debug|Any CPU = Debug|Any CPU
		Release|Any CPU = Release|Any CPU
	EndGlobalSection
	GlobalSection(ProjectConfigurationPlatforms) = postSolution
		{B90C8013-AA53-4A60-BFCF-8B3327B1BB1E}.Debug|Any CPU.ActiveCfg = Debug|Any CPU
		{B90C8013-AA53-4A60-BFCF-8B3327B1BB1E}.Debug|Any CPU.Build.0 = Debug|Any CPU
		{B90C8013-AA53-4A60-BFCF-8B3327B1BB1E}.Release|Any CPU.ActiveCfg = Release|Any CPU
		{B90C8013-AA53-4A60-BFCF-8B3327B1BB1E}.Release|Any CPU.Build.0 = Release|Any CPU
	EndGlobalSection
	GlobalSection(SolutionProperties) = preSolution
		HideSolutionNode = FALSE
	EndGlobalSection
	GlobalSection(ExtensibilityGlobals) = postSolution
		SolutionGuid = {1649E5C4-C4A4-48FA-932A-786A362DF94A}
	EndGlobalSection
EndGlobal
